
Microsoft Visual Studio Solution File, Format Version 12.00
# Visual Studio 15
VisualStudioVersion = 15.0.28307.136
MinimumVisualStudioVersion = 10.0.40219.1
Project("{151D2E53-A2C4-4D7D-83FE-D05416EBD58E}") = "AzureSecBootcampNetworkLab3", "AzureSecBootcampNetworkLab3\AzureSecBootcampNetworkLab3.deployproj", "{3D46CC2D-EB11-4844-A4D8-CFE4CC789DE9}"
EndProject
Global
	GlobalSection(SolutionConfigurationPlatforms) = preSolution
		Debug|Any CPU = Debug|Any CPU
		Release|Any CPU = Release|Any CPU
	EndGlobalSection
	GlobalSection(ProjectConfigurationPlatforms) = postSolution
		{3D46CC2D-EB11-4844-A4D8-CFE4CC789DE9}.Debug|Any CPU.ActiveCfg = Debug|Any CPU
		{3D46CC2D-EB11-4844-A4D8-CFE4CC789DE9}.Debug|Any CPU.Build.0 = Debug|Any CPU
		{3D46CC2D-EB11-4844-A4D8-CFE4CC789DE9}.Release|Any CPU.ActiveCfg = Release|Any CPU
		{3D46CC2D-EB11-4844-A4D8-CFE4CC789DE9}.Release|Any CPU.Build.0 = Release|Any CPU
	EndGlobalSection
	GlobalSection(SolutionProperties) = preSolution
		HideSolutionNode = FALSE
	EndGlobalSection
	GlobalSection(ExtensibilityGlobals) = postSolution
		SolutionGuid = {2E77BB59-4292-456D-AB40-555EE5A8EF0A}
	EndGlobalSection
EndGlobal
